
Microsoft Visual Studio Solution File, Format Version 12.00
# Visual Studio 15
VisualStudioVersion = 15.0.27703.2000
MinimumVisualStudioVersion = 10.0.40219.1
Project("{9A19103F-16F7-4668-BE54-9A1E7A4F7556}") = "BlazorCertificate", "BlazorCertificate\BlazorCertificate.csproj", "{4D08B3F4-1A48-4ADB-9449-AEF611C854C4}"
EndProject
Project("{9A19103F-16F7-4668-BE54-9A1E7A4F7556}") = "BlazorCertificate.Server", "BlazorCertificate.Server\BlazorCertificate.Server.csproj", "{F78F6DAE-E241-49D2-991E-F3115BD1BA29}"
EndProject
Project("{FAE04EC0-301F-11D3-BF4B-00C04F79EFBC}") = "BlazorCertificate.Shared", "BlazorCertificate.Shared\BlazorCertificate.Shared.csproj", "{BCCE2535-DBFC-49C1-9ABF-8781BB6FFC1C}"
EndProject
Global
	GlobalSection(SolutionConfigurationPlatforms) = preSolution
		Debug|Any CPU = Debug|Any CPU
		Release|Any CPU = Release|Any CPU
	EndGlobalSection
	GlobalSection(ProjectConfigurationPlatforms) = postSolution
		{4D08B3F4-1A48-4ADB-9449-AEF611C854C4}.Debug|Any CPU.ActiveCfg = Debug|Any CPU
		{4D08B3F4-1A48-4ADB-9449-AEF611C854C4}.Debug|Any CPU.Build.0 = Debug|Any CPU
		{4D08B3F4-1A48-4ADB-9449-AEF611C854C4}.Release|Any CPU.ActiveCfg = Release|Any CPU
		{4D08B3F4-1A48-4ADB-9449-AEF611C854C4}.Release|Any CPU.Build.0 = Release|Any CPU
		{F78F6DAE-E241-49D2-991E-F3115BD1BA29}.Debug|Any CPU.ActiveCfg = Debug|Any CPU
		{F78F6DAE-E241-49D2-991E-F3115BD1BA29}.Debug|Any CPU.Build.0 = Debug|Any CPU
		{F78F6DAE-E241-49D2-991E-F3115BD1BA29}.Release|Any CPU.ActiveCfg = Release|Any CPU
		{F78F6DAE-E241-49D2-991E-F3115BD1BA29}.Release|Any CPU.Build.0 = Release|Any CPU
		{BCCE2535-DBFC-49C1-9ABF-8781BB6FFC1C}.Debug|Any CPU.ActiveCfg = Debug|Any CPU
		{BCCE2535-DBFC-49C1-9ABF-8781BB6FFC1C}.Debug|Any CPU.Build.0 = Debug|Any CPU
		{BCCE2535-DBFC-49C1-9ABF-8781BB6FFC1C}.Release|Any CPU.ActiveCfg = Release|Any CPU
		{BCCE2535-DBFC-49C1-9ABF-8781BB6FFC1C}.Release|Any CPU.Build.0 = Release|Any CPU
	EndGlobalSection
	GlobalSection(SolutionProperties) = preSolution
		HideSolutionNode = FALSE
	EndGlobalSection
	GlobalSection(ExtensibilityGlobals) = postSolution
		SolutionGuid = {9DF2CBCE-EF40-46DA-92E3-E28D062519AE}
	EndGlobalSection
EndGlobal
